
Microsoft Visual Studio Solution File, Format Version 15.00
# Visual Studio 2017
Project("{FAE04EC0-301F-11D3-BF4B-00C04F79EFBC}") = "Mvc.Client", "Mvc.Client.csproj", "{2C955BD6-E8DB-4D71-9AE1-D1E089493732}"
EndProject
Global
	GlobalSection(SolutionConfigurationPlatforms) = preSolution
		Debug|Any CPU = Debug|Any CPU
		Release|Any CPU = Release|Any CPU
	EndGlobalSection
	GlobalSection(ProjectConfigurationPlatforms) = postSolution
		{2C955BD6-E8DB-4D71-9AE1-D1E089493732}.Debug|Any CPU.ActiveCfg = Debug|Any CPU
		{2C955BD6-E8DB-4D71-9AE1-D1E089493732}.Debug|Any CPU.Build.0 = Debug|Any CPU
		{2C955BD6-E8DB-4D71-9AE1-D1E089493732}.Release|Any CPU.ActiveCfg = Release|Any CPU
		{2C955BD6-E8DB-4D71-9AE1-D1E089493732}.Release|Any CPU.Build.0 = Release|Any CPU
	EndGlobalSection
EndGlobal
